# This file is @generated by PDM.
# It is not intended for manual editing.

[metadata]
groups = ["default", "dev"]
strategy = ["inherit_metadata"]
lock_version = "4.5.0"
content_hash = "sha256:d3d9e13d170900f9e4891c3bbb049a71720ca5eb3289169924c1d24d4a9f6167"

[[metadata.targets]]
requires_python = "==3.11.*"

[[package]]
name = "altgraph"
version = "0.17.4"
summary = "Python graph (network) package"
groups = ["dev"]
files = [
    {file = "altgraph-0.17.4-py2.py3-none-any.whl", hash = "sha256:642743b4750de17e655e6711601b077bc6598dbfa3ba5fa2b2a35ce12b508dff"},
    {file = "altgraph-0.17.4.tar.gz", hash = "sha256:1b5afbb98f6c4dcadb2e2ae6ab9fa994bbb8c1d75f4fa96d340f9437ae454406"},
]

[[package]]
name = "chardet"
version = "5.2.0"
requires_python = ">=3.7"
summary = "Universal encoding detector for Python 3"
groups = ["default"]
files = [
    {file = "chardet-5.2.0-py3-none-any.whl", hash = "sha256:e1cf59446890a00105fe7b7912492ea04b6e6f06d4b742b2c788469e34c82970"},
    {file = "chardet-5.2.0.tar.gz", hash = "sha256:1b3b6ff479a8c414bc3fa2c0852995695c4a026dcd6d0633b2dd092ca39c1cf7"},
]

[[package]]
name = "colorama"
version = "0.4.6"
requires_python = "!=3.0.*,!=3.1.*,!=3.2.*,!=3.3.*,!=3.4.*,!=3.5.*,!=3.6.*,>=2.7"
summary = "Cross-platform colored terminal text."
groups = ["dev"]
marker = "sys_platform == \"win32\""
files = [
    {file = "colorama-0.4.6-py2.py3-none-any.whl", hash = "sha256:4f1d9991f5acc0ca119f9d443620b77f9d6b33703e51011c16baf57afb285fc6"},
    {file = "colorama-0.4.6.tar.gz", hash = "sha256:08695f5cb7ed6e0531a20572697297273c47b8cae5a63ffc6d6ed5c201be6e44"},
]

[[package]]
name = "iniconfig"
version = "2.0.0"
requires_python = ">=3.7"
summary = "brain-dead simple config-ini parsing"
groups = ["dev"]
files = [
    {file = "iniconfig-2.0.0-py3-none-any.whl", hash = "sha256:b6a85871a79d2e3b22d2d1b94ac2824226a63c6b741c88f7ae975f18b6778374"},
    {file = "iniconfig-2.0.0.tar.gz", hash = "sha256:2d91e135bf72d31a410b17c16da610a82cb55f6b0477d1a902134b24a455b8b3"},
]

[[package]]
name = "macholib"
version = "1.16.3"
summary = "Mach-O header analysis and editing"
groups = ["dev"]
marker = "sys_platform == \"darwin\""
dependencies = [
    "altgraph>=0.17",
]
files = [
    {file = "macholib-1.16.3-py2.py3-none-any.whl", hash = "sha256:0e315d7583d38b8c77e815b1ecbdbf504a8258d8b3e17b61165c6feb60d18f2c"},
    {file = "macholib-1.16.3.tar.gz", hash = "sha256:07ae9e15e8e4cd9a788013d81f5908b3609aa76f9b1421bae9c4d7606ec86a30"},
]

[[package]]
name = "nbtlib"
version = "2.0.4"
requires_python = ">=3.8,<4.0"
summary = "A python package to read and edit nbt data"
groups = ["default"]
dependencies = [
    "numpy",
]
files = [
    {file = "nbtlib-2.0.4-py3-none-any.whl", hash = "sha256:38d571fbf2f7ebd640639461b47fc79919a8ea8e74633ffcc8aa6b2acfc9c889"},
    {file = "nbtlib-2.0.4.tar.gz", hash = "sha256:d4b861047fb9beb546a2e3f3b776dc61b0fb5831375752a39961882e2f76cc93"},
]

[[package]]
name = "numpy"
version = "2.1.2"
requires_python = ">=3.10"
summary = "Fundamental package for array computing in Python"
groups = ["default"]
files = [
    {file = "numpy-2.1.2-cp311-cp311-macosx_10_9_x86_64.whl", hash = "sha256:b42a1a511c81cc78cbc4539675713bbcf9d9c3913386243ceff0e9429ca892fe"},
    {file = "numpy-2.1.2-cp311-cp311-macosx_11_0_arm64.whl", hash = "sha256:faa88bc527d0f097abdc2c663cddf37c05a1c2f113716601555249805cf573f1"},
    {file = "numpy-2.1.2-cp311-cp311-macosx_14_0_arm64.whl", hash = "sha256:c82af4b2ddd2ee72d1fc0c6695048d457e00b3582ccde72d8a1c991b808bb20f"},
    {file = "numpy-2.1.2-cp311-cp311-macosx_14_0_x86_64.whl", hash = "sha256:13602b3174432a35b16c4cfb5de9a12d229727c3dd47a6ce35111f2ebdf66ff4"},
    {file = "numpy-2.1.2-cp311-cp311-manylinux_2_17_aarch64.manylinux2014_aarch64.whl", hash = "sha256:1ebec5fd716c5a5b3d8dfcc439be82a8407b7b24b230d0ad28a81b61c2f4659a"},
    {file = "numpy-2.1.2-cp311-cp311-manylinux_2_17_x86_64.manylinux2014_x86_64.whl", hash = "sha256:e2b49c3c0804e8ecb05d59af8386ec2f74877f7ca8fd9c1e00be2672e4d399b1"},
    {file = "numpy-2.1.2-cp311-cp311-musllinux_1_1_x86_64.whl", hash = "sha256:2cbba4b30bf31ddbe97f1c7205ef976909a93a66bb1583e983adbd155ba72ac2"},
    {file = "numpy-2.1.2-cp311-cp311-musllinux_1_2_aarch64.whl", hash = "sha256:8e00ea6fc82e8a804433d3e9cedaa1051a1422cb6e443011590c14d2dea59146"},
    {file = "numpy-2.1.2-cp311-cp311-win32.whl", hash = "sha256:5006b13a06e0b38d561fab5ccc37581f23c9511879be7693bd33c7cd15ca227c"},
    {file = "numpy-2.1.2-cp311-cp311-win_amd64.whl", hash = "sha256:f1eb068ead09f4994dec71c24b2844f1e4e4e013b9629f812f292f04bd1510d9"},
    {file = "numpy-2.1.2.tar.gz", hash = "sha256:13532a088217fa624c99b843eeb54640de23b3414b14aa66d023805eb731066c"},
]

[[package]]
name = "packaging"
version = "24.1"
requires_python = ">=3.8"
summary = "Core utilities for Python packages"
groups = ["dev"]
files = [
    {file = "packaging-24.1-py3-none-any.whl", hash = "sha256:5b8f2217dbdbd2f7f384c41c628544e6d52f2d0f53c6d0c3ea61aa5d1d7ff124"},
    {file = "packaging-24.1.tar.gz", hash = "sha256:026ed72c8ed3fcce5bf8950572258698927fd1dbda10a5e981cdf0ac37f4f002"},
]

[[package]]
name = "pefile"
version = "2023.2.7"
requires_python = ">=3.6.0"
summary = "Python PE parsing module"
groups = ["dev"]
marker = "sys_platform == \"win32\""
files = [
    {file = "pefile-2023.2.7-py3-none-any.whl", hash = "sha256:da185cd2af68c08a6cd4481f7325ed600a88f6a813bad9dea07ab3ef73d8d8d6"},
    {file = "pefile-2023.2.7.tar.gz", hash = "sha256:82e6114004b3d6911c77c3953e3838654b04511b8b66e8583db70c65998017dc"},
]

[[package]]
name = "pillow"
version = "11.0.0"
requires_python = ">=3.9"
summary = "Python Imaging Library (Fork)"
groups = ["default"]
files = [
    {file = "pillow-11.0.0-cp311-cp311-macosx_10_10_x86_64.whl", hash = "sha256:1c1d72714f429a521d8d2d018badc42414c3077eb187a59579f28e4270b4b0fc"},
    {file = "pillow-11.0.0-cp311-cp311-macosx_11_0_arm64.whl", hash = "sha256:499c3a1b0d6fc8213519e193796eb1a86a1be4b1877d678b30f83fd979811d1a"},
    {file = "pillow-11.0.0-cp311-cp311-manylinux_2_17_aarch64.manylinux2014_aarch64.whl", hash = "sha256:c8b2351c85d855293a299038e1f89db92a2f35e8d2f783489c6f0b2b5f3fe8a3"},
    {file = "pillow-11.0.0-cp311-cp311-manylinux_2_17_x86_64.manylinux2014_x86_64.whl", hash = "sha256:6f4dba50cfa56f910241eb7f883c20f1e7b1d8f7d91c750cd0b318bad443f4d5"},
    {file = "pillow-11.0.0-cp311-cp311-manylinux_2_28_aarch64.whl", hash = "sha256:5ddbfd761ee00c12ee1be86c9c0683ecf5bb14c9772ddbd782085779a63dd55b"},
    {file = "pillow-11.0.0-cp311-cp311-manylinux_2_28_x86_64.whl", hash = "sha256:45c566eb10b8967d71bf1ab8e4a525e5a93519e29ea071459ce517f6b903d7fa"},
    {file = "pillow-11.0.0-cp311-cp311-musllinux_1_2_aarch64.whl", hash = "sha256:b4fd7bd29610a83a8c9b564d457cf5bd92b4e11e79a4ee4716a63c959699b306"},
    {file = "pillow-11.0.0-cp311-cp311-musllinux_1_2_x86_64.whl", hash = "sha256:cb929ca942d0ec4fac404cbf520ee6cac37bf35be479b970c4ffadf2b6a1cad9"},
    {file = "pillow-11.0.0-cp311-cp311-win32.whl", hash = "sha256:006bcdd307cc47ba43e924099a038cbf9591062e6c50e570819743f5607404f5"},
    {file = "pillow-11.0.0-cp311-cp311-win_amd64.whl", hash = "sha256:52a2d8323a465f84faaba5236567d212c3668f2ab53e1c74c15583cf507a0291"},
    {file = "pillow-11.0.0-cp311-cp311-win_arm64.whl", hash = "sha256:16095692a253047fe3ec028e951fa4221a1f3ed3d80c397e83541a3037ff67c9"},
    {file = "pillow-11.0.0.tar.gz", hash = "sha256:72bacbaf24ac003fea9bff9837d1eedb6088758d41e100c1552930151f677739"},
]

[[package]]
name = "pluggy"
version = "1.5.0"
requires_python = ">=3.8"
summary = "plugin and hook calling mechanisms for python"
groups = ["dev"]
files = [
    {file = "pluggy-1.5.0-py3-none-any.whl", hash = "sha256:44e1ad92c8ca002de6377e165f3e0f1be63266ab4d554740532335b9d75ea669"},
    {file = "pluggy-1.5.0.tar.gz", hash = "sha256:2cffa88e94fdc978c4c574f15f9e59b7f4201d439195c3715ca9e2486f1d0cf1"},
]

[[package]]
name = "pyinstaller"
version = "6.11.0"
requires_python = "<3.14,>=3.8"
summary = "PyInstaller bundles a Python application and all its dependencies into a single package."
groups = ["dev"]
dependencies = [
    "altgraph",
    "importlib-metadata>=4.6; python_version < \"3.10\"",
    "macholib>=1.8; sys_platform == \"darwin\"",
    "packaging>=22.0",
    "pefile!=2024.8.26,>=2022.5.30; sys_platform == \"win32\"",
    "pyinstaller-hooks-contrib>=2024.8",
    "pywin32-ctypes>=0.2.1; sys_platform == \"win32\"",
    "setuptools>=42.0.0",
]
files = [
    {file = "pyinstaller-6.11.0-py3-none-macosx_10_13_universal2.whl", hash = "sha256:6fd68a3c1207635c49326c54881b89d5c3bd9ba061bbc9daa58c0902db1be39e"},
    {file = "pyinstaller-6.11.0-py3-none-manylinux2014_aarch64.whl", hash = "sha256:eddd53f231e51adc65088eac4f40057ca803a990239828d4a9229407fb866239"},
    {file = "pyinstaller-6.11.0-py3-none-manylinux2014_i686.whl", hash = "sha256:e6d229009e815542833fe00332b589aa6984a06f794dc16f2ce1acab1c567590"},
    {file = "pyinstaller-6.11.0-py3-none-manylinux2014_ppc64le.whl", hash = "sha256:7d2cd2ebdcd6860f8a4abe2977264a7b6d260a7147047008971c7cfc66a656a4"},
    {file = "pyinstaller-6.11.0-py3-none-manylinux2014_s390x.whl", hash = "sha256:d9ec6d4398b4eebc1d4c00437716264ba8406bc2746f594e253070a82378a584"},
    {file = "pyinstaller-6.11.0-py3-none-manylinux2014_x86_64.whl", hash = "sha256:04f71828aa9531ab18c9656985c1f09b83d10332c73a1f4a113a48b491906955"},
    {file = "pyinstaller-6.11.0-py3-none-musllinux_1_1_aarch64.whl", hash = "sha256:a843d470768d68b05684ccf4860c45b2eb13727f41667c0b2cd8f57ae231bd18"},
    {file = "pyinstaller-6.11.0-py3-none-musllinux_1_1_x86_64.whl", hash = "sha256:963dedc1f37144a4385f58f7f65f1c69c004a67faae522a2085b5ddb230c908b"},
    {file = "pyinstaller-6.11.0-py3-none-win32.whl", hash = "sha256:c71024c8a19c7b221b9152b2baff4c3ba849cada68dcdd34382ba09f0107451f"},
    {file = "pyinstaller-6.11.0-py3-none-win_amd64.whl", hash = "sha256:0e229610c22b96d741d905706f9496af472c1a9216a118988f393c98ecc3f51f"},
    {file = "pyinstaller-6.11.0-py3-none-win_arm64.whl", hash = "sha256:a5f716bb507517912fda39d109dead91fc0dd2e7b2859562522b63c61aa21676"},
    {file = "pyinstaller-6.11.0.tar.gz", hash = "sha256:cb4d433a3db30d9d17cf5f2cf7bb4df80a788d493c1d67dd822dc5791d9864af"},
]

[[package]]
name = "pyinstaller-hooks-contrib"
version = "2024.8"
requires_python = ">=3.8"
summary = "Community maintained hooks for PyInstaller"
groups = ["dev"]
dependencies = [
    "importlib-metadata>=4.6; python_version < \"3.10\"",
    "packaging>=22.0",
    "setuptools>=42.0.0",
]
files = [
    {file = "pyinstaller_hooks_contrib-2024.8-py3-none-any.whl", hash = "sha256:0057fe9a5c398d3f580e73e58793a1d4a8315ca91c3df01efea1c14ed557825a"},
    {file = "pyinstaller_hooks_contrib-2024.8.tar.gz", hash = "sha256:29b68d878ab739e967055b56a93eb9b58e529d5b054fbab7a2f2bacf80cef3e2"},
]

[[package]]
name = "pyside6"
version = "6.7.3"
requires_python = "<3.13,>=3.9"
summary = "Python bindings for the Qt cross-platform application and UI framework"
groups = ["default"]
dependencies = [
    "PySide6-Addons==6.7.3",
    "PySide6-Essentials==6.7.3",
    "shiboken6==6.7.3",
]
files = [
    {file = "PySide6-6.7.3-cp39-abi3-macosx_11_0_universal2.whl", hash = "sha256:1c21c4cf6cdd29bd13bbd7a2514756a19188eab992b92af03e64bf06a9b33d5b"},
    {file = "PySide6-6.7.3-cp39-abi3-manylinux_2_28_x86_64.whl", hash = "sha256:a21480cc746358f70768975fcc452322f03b3c3622625bfb1743b40ce4e24beb"},
    {file = "PySide6-6.7.3-cp39-abi3-manylinux_2_31_aarch64.whl", hash = "sha256:c2a1313296c0088d1c3d231d0a8ccf0eda52b84139d0c4065fded76e4a4378f4"},
    {file = "PySide6-6.7.3-cp39-abi3-win_amd64.whl", hash = "sha256:3ac8dcb4ca82d276e319f89dd99098b01061f255a2b9104216504aece5e0faf8"},
]

[[package]]
name = "pyside6-addons"
version = "6.7.3"
requires_python = "<3.13,>=3.9"
summary = "Python bindings for the Qt cross-platform application and UI framework (Addons)"
groups = ["default"]
dependencies = [
    "PySide6-Essentials==6.7.3",
    "shiboken6==6.7.3",
]
files = [
    {file = "PySide6_Addons-6.7.3-cp39-abi3-macosx_11_0_universal2.whl", hash = "sha256:3174cb3a373c09c98740b452e8e8f4945d64cfa18ed8d43964111d570f0dc647"},
    {file = "PySide6_Addons-6.7.3-cp39-abi3-manylinux_2_28_x86_64.whl", hash = "sha256:bde1eb03dbffd089b50cd445847aaecaf4056cea84c49ea592d00f84f247251e"},
    {file = "PySide6_Addons-6.7.3-cp39-abi3-manylinux_2_31_aarch64.whl", hash = "sha256:5a9e0df31345fe6caea677d916ea48b53ba86f95cc6499c57f89e392447ad6db"},
    {file = "PySide6_Addons-6.7.3-cp39-abi3-win_amd64.whl", hash = "sha256:d8a19c2b2446407724c81c33ebf3217eaabd092f0f72da8130c17079e04a7813"},
]

[[package]]
name = "pyside6-essentials"
version = "6.7.3"
requires_python = "<3.13,>=3.9"
summary = "Python bindings for the Qt cross-platform application and UI framework (Essentials)"
groups = ["default"]
dependencies = [
    "shiboken6==6.7.3",
]
files = [
    {file = "PySide6_Essentials-6.7.3-cp39-abi3-macosx_11_0_universal2.whl", hash = "sha256:f9e08a4e9e7dc7b5ab72fde20abce8c97df7af1b802d9743f098f577dfe1f649"},
    {file = "PySide6_Essentials-6.7.3-cp39-abi3-manylinux_2_28_x86_64.whl", hash = "sha256:cda6fd26aead48f32e57f044d18aa75dc39265b49d7957f515ce7ac3989e7029"},
    {file = "PySide6_Essentials-6.7.3-cp39-abi3-manylinux_2_31_aarch64.whl", hash = "sha256:acdde06b74f26e7d26b4ae1461081b32a6cb17fcaa2a580050b5e0f0f12236c9"},
    {file = "PySide6_Essentials-6.7.3-cp39-abi3-win_amd64.whl", hash = "sha256:f0950fcdcbcd4f2443336dc6a5fe692172adc225f876839583503ded0ab2f2a7"},
]

[[package]]
name = "pytest"
version = "8.3.3"
requires_python = ">=3.8"
summary = "pytest: simple powerful testing with Python"
groups = ["dev"]
dependencies = [
    "colorama; sys_platform == \"win32\"",
    "exceptiongroup>=1.0.0rc8; python_version < \"3.11\"",
    "iniconfig",
    "packaging",
    "pluggy<2,>=1.5",
    "tomli>=1; python_version < \"3.11\"",
]
files = [
    {file = "pytest-8.3.3-py3-none-any.whl", hash = "sha256:a6853c7375b2663155079443d2e45de913a911a11d669df02a50814944db57b2"},
    {file = "pytest-8.3.3.tar.gz", hash = "sha256:70b98107bd648308a7952b06e6ca9a50bc660be218d53c257cc1fc94fda10181"},
]

[[package]]
name = "pywin32-ctypes"
version = "0.2.3"
requires_python = ">=3.6"
summary = "A (partial) reimplementation of pywin32 using ctypes/cffi"
groups = ["dev"]
marker = "sys_platform == \"win32\""
files = [
    {file = "pywin32-ctypes-0.2.3.tar.gz", hash = "sha256:d162dc04946d704503b2edc4d55f3dba5c1d539ead017afa00142c38b9885755"},
    {file = "pywin32_ctypes-0.2.3-py3-none-any.whl", hash = "sha256:8a1513379d709975552d202d942d9837758905c8d01eb82b8bcc30918929e7b8"},
]

[[package]]
name = "setuptools"
version = "75.1.0"
requires_python = ">=3.8"
summary = "Easily download, build, install, upgrade, and uninstall Python packages"
groups = ["dev"]
files = [
    {file = "setuptools-75.1.0-py3-none-any.whl", hash = "sha256:35ab7fd3bcd95e6b7fd704e4a1539513edad446c097797f2985e0e4b960772f2"},
    {file = "setuptools-75.1.0.tar.gz", hash = "sha256:d59a21b17a275fb872a9c3dae73963160ae079f1049ed956880cd7c09b120538"},
]

[[package]]
name = "shiboken6"
version = "6.7.3"
requires_python = "<3.13,>=3.9"
summary = "Python/C++ bindings helper module"
groups = ["default"]
files = [
    {file = "shiboken6-6.7.3-cp39-abi3-macosx_11_0_universal2.whl", hash = "sha256:285fe3cf79be3135fe1ad1e2b9ff6db3a48698887425af6aa6ed7a05a9abc3d6"},
    {file = "shiboken6-6.7.3-cp39-abi3-manylinux_2_28_x86_64.whl", hash = "sha256:f0852e5781de78be5b13c140ec4c7fb9734e2aaf2986eb2d6a224363e03efccc"},
    {file = "shiboken6-6.7.3-cp39-abi3-manylinux_2_31_aarch64.whl", hash = "sha256:f0dd635178e64a45be2f84c9f33dd79ac30328da87f834f21a0baf69ae210e6e"},
    {file = "shiboken6-6.7.3-cp39-abi3-win_amd64.whl", hash = "sha256:5f29325dfa86fde0274240f1f38e421303749d3174ce3ada178715b5f4719db9"},
]
